
Microsoft Visual Studio Solution File, Format Version 12.00
# Visual Studio 14
VisualStudioVersion = 14.0.25420.1
MinimumVisualStudioVersion = 10.0.40219.1
Project("{FAE04EC0-301F-11D3-BF4B-00C04F79EFBC}") = "SecadorBotas", "SecadorBotas\SecadorBotas.csproj", "{7502B692-29E8-4805-AEC6-F7A3CA9E60C2}"
EndProject
Project("{6141683F-8A12-4E36-9623-2EB02B2C2303}") = "SetupSecadorDeBotas", "SetupSecadorDeBotas\SetupSecadorDeBotas.isproj", "{64C7F7E1-0F80-4B49-A123-666D650E4C27}"
EndProject
Global
	GlobalSection(SolutionConfigurationPlatforms) = preSolution
		CD_ROM|Any CPU = CD_ROM|Any CPU
		Debug|Any CPU = Debug|Any CPU
		DVD-5|Any CPU = DVD-5|Any CPU
		Release|Any CPU = Release|Any CPU
		SingleImage|Any CPU = SingleImage|Any CPU
	EndGlobalSection
	GlobalSection(ProjectConfigurationPlatforms) = postSolution
		{7502B692-29E8-4805-AEC6-F7A3CA9E60C2}.CD_ROM|Any CPU.ActiveCfg = Release|Any CPU
		{7502B692-29E8-4805-AEC6-F7A3CA9E60C2}.Debug|Any CPU.ActiveCfg = Debug|Any CPU
		{7502B692-29E8-4805-AEC6-F7A3CA9E60C2}.Debug|Any CPU.Build.0 = Debug|Any CPU
		{7502B692-29E8-4805-AEC6-F7A3CA9E60C2}.DVD-5|Any CPU.ActiveCfg = Debug|Any CPU
		{7502B692-29E8-4805-AEC6-F7A3CA9E60C2}.Release|Any CPU.ActiveCfg = Release|Any CPU
		{7502B692-29E8-4805-AEC6-F7A3CA9E60C2}.Release|Any CPU.Build.0 = Release|Any CPU
		{7502B692-29E8-4805-AEC6-F7A3CA9E60C2}.SingleImage|Any CPU.ActiveCfg = Release|Any CPU
		{64C7F7E1-0F80-4B49-A123-666D650E4C27}.CD_ROM|Any CPU.ActiveCfg = CD_ROM
		{64C7F7E1-0F80-4B49-A123-666D650E4C27}.CD_ROM|Any CPU.Build.0 = CD_ROM
		{64C7F7E1-0F80-4B49-A123-666D650E4C27}.Debug|Any CPU.ActiveCfg = DVD-5
		{64C7F7E1-0F80-4B49-A123-666D650E4C27}.Debug|Any CPU.Build.0 = DVD-5
		{64C7F7E1-0F80-4B49-A123-666D650E4C27}.DVD-5|Any CPU.ActiveCfg = DVD-5
		{64C7F7E1-0F80-4B49-A123-666D650E4C27}.DVD-5|Any CPU.Build.0 = DVD-5
		{64C7F7E1-0F80-4B49-A123-666D650E4C27}.Release|Any CPU.ActiveCfg = SingleImage
		{64C7F7E1-0F80-4B49-A123-666D650E4C27}.Release|Any CPU.Build.0 = SingleImage
		{64C7F7E1-0F80-4B49-A123-666D650E4C27}.SingleImage|Any CPU.ActiveCfg = SingleImage
		{64C7F7E1-0F80-4B49-A123-666D650E4C27}.SingleImage|Any CPU.Build.0 = SingleImage
	EndGlobalSection
	GlobalSection(SolutionProperties) = preSolution
		HideSolutionNode = FALSE
	EndGlobalSection
	GlobalSection(ExtensibilityGlobals) = postSolution
		SolutionGuid = {CC7381B3-6306-487D-91B2-7C38A47A2F5B}
	EndGlobalSection
EndGlobal
